dependencies:
- name: redis
  repository: https://charts.bitnami.com/bitnami
  version: 28.0.15
- name: postgresql
  repository: https://charts.bitnami.com/bitnami
  version: 18.8.17
- name: minio
  repository: https://charts.min.io/
  version: 5.4.0
digest: sha256:cdf886220048c7ceca7c28d65ff6f31a7ab0d683a3a1c35253e3af066415220e
generated: "2026-09-04T02:49:34.817084178Z"
